
Microsoft Visual Studio Solution File, Format Version 12.00
# Visual Studio Version 16
VisualStudioVersion = 16.0.31313.79
MinimumVisualStudioVersion = 10.0.40219.1
Project("{FAE04EC0-301F-11D3-BF4B-00C04F79EFBC}") = "Assignment1.Android", "Assignment1\Assignment1.Android\Assignment1.Android.csproj", "{F4DE34C5-7346-4277-B57C-240092D2885B}"
EndProject
Project("{FAE04EC0-301F-11D3-BF4B-00C04F79EFBC}") = "Assignment1.iOS", "Assignment1\Assignment1.iOS\Assignment1.iOS.csproj", "{5023CF0B-62C2-4527-B731-0238CDB334D1}"
EndProject
Project("{FAE04EC0-301F-11D3-BF4B-00C04F79EFBC}") = "Assignment1", "Assignment1\Assignment1\Assignment1.csproj", "{08DC3A0F-085F-4D9F-A1A7-4B8925BD7B86}"
EndProject
Global
	GlobalSection(SolutionConfigurationPlatforms) = preSolution
		Debug|Any CPU = Debug|Any CPU
		Debug|iPhone = Debug|iPhone
		Debug|iPhoneSimulator = Debug|iPhoneSimulator
		Release|Any CPU = Release|Any CPU
		Release|iPhone = Release|iPhone
		Release|iPhoneSimulator = Release|iPhoneSimulator
	EndGlobalSection
	GlobalSection(ProjectConfigurationPlatforms) = postSolution
		{F4DE34C5-7346-4277-B57C-240092D2885B}.Debug|Any CPU.ActiveCfg = Debug|Any CPU
		{F4DE34C5-7346-4277-B57C-240092D2885B}.Debug|Any CPU.Build.0 = Debug|Any CPU
		{F4DE34C5-7346-4277-B57C-240092D2885B}.Debug|Any CPU.Deploy.0 = Debug|Any CPU
		{F4DE34C5-7346-4277-B57C-240092D2885B}.Debug|iPhone.ActiveCfg = Debug|Any CPU
		{F4DE34C5-7346-4277-B57C-240092D2885B}.Debug|iPhone.Build.0 = Debug|Any CPU
		{F4DE34C5-7346-4277-B57C-240092D2885B}.Debug|iPhone.Deploy.0 = Debug|Any CPU
		{F4DE34C5-7346-4277-B57C-240092D2885B}.Debug|iPhoneSimulator.ActiveCfg = Debug|Any CPU
		{F4DE34C5-7346-4277-B57C-240092D2885B}.Debug|iPhoneSimulator.Build.0 = Debug|Any CPU
		{F4DE34C5-7346-4277-B57C-240092D2885B}.Debug|iPhoneSimulator.Deploy.0 = Debug|Any CPU
		{F4DE34C5-7346-4277-B57C-240092D2885B}.Release|Any CPU.ActiveCfg = Release|Any CPU
		{F4DE34C5-7346-4277-B57C-240092D2885B}.Release|Any CPU.Build.0 = Release|Any CPU
		{F4DE34C5-7346-4277-B57C-240092D2885B}.Release|Any CPU.Deploy.0 = Release|Any CPU
		{F4DE34C5-7346-4277-B57C-240092D2885B}.Release|iPhone.ActiveCfg = Release|Any CPU
		{F4DE34C5-7346-4277-B57C-240092D2885B}.Release|iPhone.Build.0 = Release|Any CPU
		{F4DE34C5-7346-4277-B57C-240092D2885B}.Release|iPhone.Deploy.0 = Release|Any CPU
		{F4DE34C5-7346-4277-B57C-240092D2885B}.Release|iPhoneSimulator.ActiveCfg = Release|Any CPU
		{F4DE34C5-7346-4277-B57C-240092D2885B}.Release|iPhoneSimulator.Build.0 = Release|Any CPU
		{F4DE34C5-7346-4277-B57C-240092D2885B}.Release|iPhoneSimulator.Deploy.0 = Release|Any CPU
		{5023CF0B-62C2-4527-B731-0238CDB334D1}.Debug|Any CPU.ActiveCfg = Debug|iPhone
		{5023CF0B-62C2-4527-B731-0238CDB334D1}.Debug|Any CPU.Build.0 = Debug|iPhone
		{5023CF0B-62C2-4527-B731-0238CDB334D1}.Debug|Any CPU.Deploy.0 = Debug|iPhone
		{5023CF0B-62C2-4527-B731-0238CDB334D1}.Debug|iPhone.ActiveCfg = Debug|iPhone
		{5023CF0B-62C2-4527-B731-0238CDB334D1}.Debug|iPhone.Build.0 = Debug|iPhone
		{5023CF0B-62C2-4527-B731-0238CDB334D1}.Debug|iPhone.Deploy.0 = Debug|iPhone
		{5023CF0B-62C2-4527-B731-0238CDB334D1}.Debug|iPhoneSimulator.ActiveCfg = Debug|iPhoneSimulator
		{5023CF0B-62C2-4527-B731-0238CDB334D1}.Debug|iPhoneSimulator.Build.0 = Debug|iPhoneSimulator
		{5023CF0B-62C2-4527-B731-0238CDB334D1}.Debug|iPhoneSimulator.Deploy.0 = Debug|iPhoneSimulator
		{5023CF0B-62C2-4527-B731-0238CDB334D1}.Release|Any CPU.ActiveCfg = Release|iPhoneSimulator
		{5023CF0B-62C2-4527-B731-0238CDB334D1}.Release|Any CPU.Build.0 = Release|iPhoneSimulator
		{5023CF0B-62C2-4527-B731-0238CDB334D1}.Release|Any CPU.Deploy.0 = Release|iPhoneSimulator
		{5023CF0B-62C2-4527-B731-0238CDB334D1}.Release|iPhone.ActiveCfg = Release|iPhone
		{5023CF0B-62C2-4527-B731-0238CDB334D1}.Release|iPhone.Build.0 = Release|iPhone
		{5023CF0B-62C2-4527-B731-0238CDB334D1}.Release|iPhone.Deploy.0 = Release|iPhone
		{5023CF0B-62C2-4527-B731-0238CDB334D1}.Release|iPhoneSimulator.ActiveCfg = Release|iPhoneSimulator
		{5023CF0B-62C2-4527-B731-0238CDB334D1}.Release|iPhoneSimulator.Build.0 = Release|iPhoneSimulator
		{5023CF0B-62C2-4527-B731-0238CDB334D1}.Release|iPhoneSimulator.Deploy.0 = Release|iPhoneSimulator
		{08DC3A0F-085F-4D9F-A1A7-4B8925BD7B86}.Debug|Any CPU.ActiveCfg = Debug|Any CPU
		{08DC3A0F-085F-4D9F-A1A7-4B8925BD7B86}.Debug|Any CPU.Build.0 = Debug|Any CPU
		{08DC3A0F-085F-4D9F-A1A7-4B8925BD7B86}.Debug|Any CPU.Deploy.0 = Debug|Any CPU
		{08DC3A0F-085F-4D9F-A1A7-4B8925BD7B86}.Debug|iPhone.ActiveCfg = Debug|Any CPU
		{08DC3A0F-085F-4D9F-A1A7-4B8925BD7B86}.Debug|iPhone.Build.0 = Debug|Any CPU
		{08DC3A0F-085F-4D9F-A1A7-4B8925BD7B86}.Debug|iPhone.Deploy.0 = Debug|Any CPU
		{08DC3A0F-085F-4D9F-A1A7-4B8925BD7B86}.Debug|iPhoneSimulator.ActiveCfg = Debug|Any CPU
		{08DC3A0F-085F-4D9F-A1A7-4B8925BD7B86}.Debug|iPhoneSimulator.Build.0 = Debug|Any CPU
		{08DC3A0F-085F-4D9F-A1A7-4B8925BD7B86}.Debug|iPhoneSimulator.Deploy.0 = Debug|Any CPU
		{08DC3A0F-085F-4D9F-A1A7-4B8925BD7B86}.Release|Any CPU.ActiveCfg = Release|Any CPU
		{08DC3A0F-085F-4D9F-A1A7-4B8925BD7B86}.Release|Any CPU.Build.0 = Release|Any CPU
		{08DC3A0F-085F-4D9F-A1A7-4B8925BD7B86}.Release|Any CPU.Deploy.0 = Release|Any CPU
		{08DC3A0F-085F-4D9F-A1A7-4B8925BD7B86}.Release|iPhone.ActiveCfg = Release|Any CPU
		{08DC3A0F-085F-4D9F-A1A7-4B8925BD7B86}.Release|iPhone.Build.0 = Release|Any CPU
		{08DC3A0F-085F-4D9F-A1A7-4B8925BD7B86}.Release|iPhone.Deploy.0 = Release|Any CPU
		{08DC3A0F-085F-4D9F-A1A7-4B8925BD7B86}.Release|iPhoneSimulator.ActiveCfg = Release|Any CPU
		{08DC3A0F-085F-4D9F-A1A7-4B8925BD7B86}.Release|iPhoneSimulator.Build.0 = Release|Any CPU
		{08DC3A0F-085F-4D9F-A1A7-4B8925BD7B86}.Release|iPhoneSimulator.Deploy.0 = Release|Any CPU
	EndGlobalSection
	GlobalSection(SolutionProperties) = preSolution
		HideSolutionNode = FALSE
	EndGlobalSection
	GlobalSection(ExtensibilityGlobals) = postSolution
		SolutionGuid = {585911D3-8F73-4F7E-BBA9-1A239ADEAF88}
	EndGlobalSection
EndGlobal
